
Microsoft Visual Studio Solution File, Format Version 12.00
# Visual Studio Version 17
VisualStudioVersion = 17.2.32526.322
MinimumVisualStudioVersion = 10.0.40219.1
Project("{FAE04EC0-301F-11D3-BF4B-00C04F79EFBC}") = "Entities", "Entities\Entities.csproj", "{1686BB70-2149-4830-A1E1-F0FD894F02AD}"
EndProject
Project("{FAE04EC0-301F-11D3-BF4B-00C04F79EFBC}") = "DataAccess", "DataAccess\DataAccess.csproj", "{63006CC6-50E8-461A-A2DF-A7AB548E7BCC}"
EndProject
Project("{FAE04EC0-301F-11D3-BF4B-00C04F79EFBC}") = "Business", "Business\Business.csproj", "{8440A738-1980-4114-9BF0-96B3D1B1219C}"
EndProject
Project("{FAE04EC0-301F-11D3-BF4B-00C04F79EFBC}") = "ConsoleUI", "ConsoleUI\ConsoleUI.csproj", "{FCA6337E-E916-4E3A-9F33-64F84D74A5D5}"
EndProject
Global
	GlobalSection(SolutionConfigurationPlatforms) = preSolution
		Debug|Any CPU = Debug|Any CPU
		Release|Any CPU = Release|Any CPU
	EndGlobalSection
	GlobalSection(ProjectConfigurationPlatforms) = postSolution
		{1686BB70-2149-4830-A1E1-F0FD894F02AD}.Debug|Any CPU.ActiveCfg = Debug|Any CPU
		{1686BB70-2149-4830-A1E1-F0FD894F02AD}.Debug|Any CPU.Build.0 = Debug|Any CPU
		{1686BB70-2149-4830-A1E1-F0FD894F02AD}.Release|Any CPU.ActiveCfg = Release|Any CPU
		{1686BB70-2149-4830-A1E1-F0FD894F02AD}.Release|Any CPU.Build.0 = Release|Any CPU
		{63006CC6-50E8-461A-A2DF-A7AB548E7BCC}.Debug|Any CPU.ActiveCfg = Debug|Any CPU
		{63006CC6-50E8-461A-A2DF-A7AB548E7BCC}.Debug|Any CPU.Build.0 = Debug|Any CPU
		{63006CC6-50E8-461A-A2DF-A7AB548E7BCC}.Release|Any CPU.ActiveCfg = Release|Any CPU
		{63006CC6-50E8-461A-A2DF-A7AB548E7BCC}.Release|Any CPU.Build.0 = Release|Any CPU
		{8440A738-1980-4114-9BF0-96B3D1B1219C}.Debug|Any CPU.ActiveCfg = Debug|Any CPU
		{8440A738-1980-4114-9BF0-96B3D1B1219C}.Debug|Any CPU.Build.0 = Debug|Any CPU
		{8440A738-1980-4114-9BF0-96B3D1B1219C}.Release|Any CPU.ActiveCfg = Release|Any CPU
		{8440A738-1980-4114-9BF0-96B3D1B1219C}.Release|Any CPU.Build.0 = Release|Any CPU
		{FCA6337E-E916-4E3A-9F33-64F84D74A5D5}.Debug|Any CPU.ActiveCfg = Debug|Any CPU
		{FCA6337E-E916-4E3A-9F33-64F84D74A5D5}.Debug|Any CPU.Build.0 = Debug|Any CPU
		{FCA6337E-E916-4E3A-9F33-64F84D74A5D5}.Release|Any CPU.ActiveCfg = Release|Any CPU
		{FCA6337E-E916-4E3A-9F33-64F84D74A5D5}.Release|Any CPU.Build.0 = Release|Any CPU
	EndGlobalSection
	GlobalSection(SolutionProperties) = preSolution
		HideSolutionNode = FALSE
	EndGlobalSection
	GlobalSection(ExtensibilityGlobals) = postSolution
		SolutionGuid = {BF15A110-C343-40AA-9CC1-A34E226E978F}
	EndGlobalSection
EndGlobal
